{
    "requires": true,
    "lockfileVersion": 1,
    "dependencies": {
        "tinymce": {
            "version": "5.4.1",
            "resolved": "https://registry.npmjs.org/tinymce/-/tinymce-5.4.1.tgz",
            "integrity": "sha512-eUjwDVCTSHSnFfpzX5TjTHXsGj5gvPQwzo3RFDF374gfK5voHqcRGojvQnu4NtNW1BAb012/KW1tkXBbUrEveg=="
        }
    }
}
